# This file is automatically @generated by Cargo.
# It is not intended for manual editing.
version = 3

[[package]]
name = "boyer-moore-magiclen"
version = "0.2.16"
source = "registry+https://github.com/rust-lang/crates.io-index"
checksum = "6c77eb6b3a37f71fcd40e49b56c028ea8795c0e550afd8021e3e6a2369653035"
dependencies = [
 "debug-helper",
]

[[package]]
name = "debug-helper"
version = "0.3.13"
source = "registry+https://github.com/rust-lang/crates.io-index"
checksum = "f578e8e2c440e7297e008bb5486a3a8a194775224bbc23729b0dbdfaeebf162e"

[[package]]
name = "find_in_files"
version = "0.1.0"
dependencies = [
 "boyer-moore-magiclen",
]
